<?xml version="1.0" encoding="utf-8"?>
<Project ToolsVersion="4.0" xmlns="http://schemas.microsoft.com/developer/msbuild/2003">
  <ItemGroup>
    <Filter Include="ソース ファイル">
      <UniqueIdentifier>{4FC737F1-C7A5-4376-A066-2A32D752A2FF}</UniqueIdentifier>
      <Extensions>cpp;c;cc;cxx;c++;cppm;ixx;def;odl;idl;hpj;bat;asm;asmx</Extensions>
    </Filter>
    <Filter Include="ソース ファイル\Scene">
      <UniqueIdentifier>{70b1db2c-fa20-4271-b661-f156a1d6a773}</UniqueIdentifier>
    </Filter>
    <Filter Include="ソース ファイル\Util">
      <UniqueIdentifier>{5223935b-1d00-4d29-92b7-d7d751c8a679}</UniqueIdentifier>
    </Filter>
    <Filter Include="ソース ファイル\Planet">
      <UniqueIdentifier>{9686814b-b0d9-4532-b9ff-c5fd818d3027}</UniqueIdentifier>
    </Filter>
    <Filter Include="ソース ファイル\Enemy">
      <UniqueIdentifier>{025c9968-63e1-4b0d-96d5-5dfb1500d62d}</UniqueIdentifier>
    </Filter>
    <Filter Include="ソース ファイル\UI">
      <UniqueIdentifier>{84281b87-693a-4902-afe1-153fba839dbc}</UniqueIdentifier>
    </Filter>
    <Filter Include="ソース ファイル\Enemy\Boss">
      <UniqueIdentifier>{81fef666-47fb-4657-a756-586f9929ea80}</UniqueIdentifier>
    </Filter>
    <Filter Include="ソース ファイル\Enemy\Normal">
      <UniqueIdentifier>{7c27b8cd-8d41-4086-bf43-7bd466478ee1}</UniqueIdentifier>
    </Filter>
    <Filter Include="ソース ファイル\Laser">
      <UniqueIdentifier>{099a6cda-38ff-4384-95a7-3257831e92de}</UniqueIdentifier>
    </Filter>
  </ItemGroup>
  <ItemGroup>
    <ClCompile Include="main.cpp">
      <Filter>ソース ファイル</Filter>
    </ClCompile>
    <ClCompile Include="Scene\SceneManager.cpp">
      <Filter>ソース ファイル\Scene</Filter>
    </ClCompile>
    <ClCompile Include="Scene\SceneBase.cpp">
      <Filter>ソース ファイル\Scene</Filter>
    </ClCompile>
    <ClCompile Include="Scene\TitleScene.cpp">
      <Filter>ソース ファイル\Scene</Filter>
    </ClCompile>
    <ClCompile Include="Scene\TestScene.cpp">
      <Filter>ソース ファイル\Scene</Filter>
    </ClCompile>
    <ClCompile Include="Scene\PauseScene.cpp">
      <Filter>ソース ファイル\Scene</Filter>
    </ClCompile>
    <ClCompile Include="Scene\OptionScene.cpp">
      <Filter>ソース ファイル\Scene</Filter>
    </ClCompile>
    <ClCompile Include="Util\Effekseer3DEffectManager.cpp">
      <Filter>ソース ファイル\Util</Filter>
    </ClCompile>
    <ClCompile Include="Util\DrawFunctions.cpp">
      <Filter>ソース ファイル\Util</Filter>
    </ClCompile>
    <ClCompile Include="Util\SoundManager.cpp">
      <Filter>ソース ファイル\Util</Filter>
    </ClCompile>
    <ClCompile Include="Util\SaveData.cpp">
      <Filter>ソース ファイル\Util</Filter>
    </ClCompile>
    <ClCompile Include="Util\Model.cpp">
      <Filter>ソース ファイル\Util</Filter>
    </ClCompile>
    <ClCompile Include="Camera.cpp">
      <Filter>ソース ファイル</Filter>
    </ClCompile>
    <ClCompile Include="Scene\DebugScene.cpp">
      <Filter>ソース ファイル\Scene</Filter>
    </ClCompile>
    <ClCompile Include="Scene\GameMainScene.cpp">
      <Filter>ソース ファイル\Scene</Filter>
    </ClCompile>
    <ClCompile Include="Util\InputState.cpp">
      <Filter>ソース ファイル\Util</Filter>
    </ClCompile>
    <ClCompile Include="Player.cpp">
      <Filter>ソース ファイル</Filter>
    </ClCompile>
    <ClCompile Include="Util\StringManager.cpp">
      <Filter>ソース ファイル\Util</Filter>
    </ClCompile>
    <ClCompile Include="Scene\PadSettingScene.cpp">
      <Filter>ソース ファイル\Scene</Filter>
    </ClCompile>
    <ClCompile Include="Util\DataReaderFromUnity.cpp">
      <Filter>ソース ファイル\Util</Filter>
    </ClCompile>
    <ClCompile Include="Planet\PlanetBase.cpp">
      <Filter>ソース ファイル\Planet</Filter>
    </ClCompile>
    <ClCompile Include="Planet\PlanetManager.cpp">
      <Filter>ソース ファイル\Planet</Filter>
    </ClCompile>
    <ClCompile Include="Planet\Sun.cpp">
      <Filter>ソース ファイル\Planet</Filter>
    </ClCompile>
    <ClCompile Include="Planet\Earth.cpp">
      <Filter>ソース ファイル\Planet</Filter>
    </ClCompile>
    <ClCompile Include="Util\Debug.cpp">
      <Filter>ソース ファイル\Util</Filter>
    </ClCompile>
    <ClCompile Include="Shield.cpp">
      <Filter>ソース ファイル</Filter>
    </ClCompile>
    <ClCompile Include="Image3D.cpp">
      <Filter>ソース ファイル</Filter>
    </ClCompile>
    <ClCompile Include="Enemy\EnemyManager.cpp">
      <Filter>ソース ファイル\Enemy</Filter>
    </ClCompile>
    <ClCompile Include="Enemy\EnemyBase.cpp">
      <Filter>ソース ファイル\Enemy</Filter>
    </ClCompile>
    <ClCompile Include="Laser\LaserBase.cpp">
      <Filter>ソース ファイル\Laser</Filter>
    </ClCompile>
    <ClCompile Include="Laser\LaserManager.cpp">
      <Filter>ソース ファイル\Laser</Filter>
    </ClCompile>
    <ClCompile Include="Laser\CubeLaser.cpp">
      <Filter>ソース ファイル\Laser</Filter>
    </ClCompile>
    <ClCompile Include="Laser\Laser.cpp">
      <Filter>ソース ファイル\Laser</Filter>
    </ClCompile>
    <ClCompile Include="Vector2.cpp">
      <Filter>ソース ファイル</Filter>
    </ClCompile>
    <ClCompile Include="UI\HpBar.cpp">
      <Filter>ソース ファイル\UI</Filter>
    </ClCompile>
    <ClCompile Include="UI\EnergyGage.cpp">
      <Filter>ソース ファイル\UI</Filter>
    </ClCompile>
    <ClCompile Include="Background.cpp">
      <Filter>ソース ファイル</Filter>
    </ClCompile>
    <ClCompile Include="UI\Warning.cpp">
      <Filter>ソース ファイル\UI</Filter>
    </ClCompile>
    <ClCompile Include="Util\MathUtil.cpp">
      <Filter>ソース ファイル\Util</Filter>
    </ClCompile>
    <ClCompile Include="Laser\ReflectLaser.cpp">
      <Filter>ソース ファイル\Laser</Filter>
    </ClCompile>
    <ClCompile Include="Enemy\BossEnemy.cpp">
      <Filter>ソース ファイル\Enemy\Boss</Filter>
    </ClCompile>
    <ClCompile Include="Enemy\NormalEnemy.cpp">
      <Filter>ソース ファイル\Enemy\Normal</Filter>
    </ClCompile>
    <ClCompile Include="Triangle.cpp">
      <Filter>ソース ファイル\UI</Filter>
    </ClCompile>
    <ClCompile Include="Flash.cpp">
      <Filter>ソース ファイル\UI</Filter>
    </ClCompile>
    <ClCompile Include="Easing.cpp">
      <Filter>ソース ファイル\Util</Filter>
    </ClCompile>
    <ClCompile Include="ScreenEffect.cpp">
      <Filter>ソース ファイル</Filter>
    </ClCompile>
    <ClCompile Include="UIManager.cpp">
      <Filter>ソース ファイル\UI</Filter>
    </ClCompile>
    <ClCompile Include="UIBase.cpp">
      <Filter>ソース ファイル\UI</Filter>
    </ClCompile>
    <ClCompile Include="Vector3.cpp">
      <Filter>ソース ファイル</Filter>
    </ClCompile>
    <ClCompile Include="Matrix.cpp">
      <Filter>ソース ファイル</Filter>
    </ClCompile>
  </ItemGroup>
  <ItemGroup>
    <ClInclude Include="Laser\LaserBase.h">
      <Filter>ソース ファイル\Laser</Filter>
    </ClInclude>
    <ClInclude Include="Enemy\BossEnemy.h">
      <Filter>ソース ファイル\Enemy\Boss</Filter>
    </ClInclude>
    <ClInclude Include="Enemy\EnemyBase.h">
      <Filter>ソース ファイル\Enemy</Filter>
    </ClInclude>
    <ClInclude Include="Enemy\EnemyManager.h">
      <Filter>ソース ファイル\Enemy</Filter>
    </ClInclude>
    <ClInclude Include="Enemy\NormalEnemy.h">
      <Filter>ソース ファイル\Enemy\Normal</Filter>
    </ClInclude>
    <ClInclude Include="Laser\CubeLaser.h">
      <Filter>ソース ファイル\Laser</Filter>
    </ClInclude>
    <ClInclude Include="Laser\LaserManager.h">
      <Filter>ソース ファイル\Laser</Filter>
    </ClInclude>
    <ClInclude Include="Laser\Laser.h">
      <Filter>ソース ファイル\Laser</Filter>
    </ClInclude>
    <ClInclude Include="Laser\ReflectLaser.h">
      <Filter>ソース ファイル\Laser</Filter>
    </ClInclude>
    <ClInclude Include="Planet\Earth.h">
      <Filter>ソース ファイル\Planet</Filter>
    </ClInclude>
    <ClInclude Include="Planet\PlanetBase.h">
      <Filter>ソース ファイル\Planet</Filter>
    </ClInclude>
    <ClInclude Include="Planet\PlanetManager.h">
      <Filter>ソース ファイル\Planet</Filter>
    </ClInclude>
    <ClInclude Include="Planet\Sun.h">
      <Filter>ソース ファイル\Planet</Filter>
    </ClInclude>
    <ClInclude Include="Scene\DebugScene.h">
      <Filter>ソース ファイル\Scene</Filter>
    </ClInclude>
    <ClInclude Include="Scene\GameMainScene.h">
      <Filter>ソース ファイル\Scene</Filter>
    </ClInclude>
    <ClInclude Include="Scene\OptionScene.h">
      <Filter>ソース ファイル\Scene</Filter>
    </ClInclude>
    <ClInclude Include="Scene\PadSettingScene.h">
      <Filter>ソース ファイル\Scene</Filter>
    </ClInclude>
    <ClInclude Include="Scene\PauseScene.h">
      <Filter>ソース ファイル\Scene</Filter>
    </ClInclude>
    <ClInclude Include="Scene\SceneBase.h">
      <Filter>ソース ファイル\Scene</Filter>
    </ClInclude>
    <ClInclude Include="Scene\SceneManager.h">
      <Filter>ソース ファイル\Scene</Filter>
    </ClInclude>
    <ClInclude Include="Scene\TestScene.h">
      <Filter>ソース ファイル\Scene</Filter>
    </ClInclude>
    <ClInclude Include="Scene\TitleScene.h">
      <Filter>ソース ファイル\Scene</Filter>
    </ClInclude>
    <ClInclude Include="UI\EnergyGage.h">
      <Filter>ソース ファイル\UI</Filter>
    </ClInclude>
    <ClInclude Include="UI\HpBar.h">
      <Filter>ソース ファイル\UI</Filter>
    </ClInclude>
    <ClInclude Include="UI\Warning.h">
      <Filter>ソース ファイル\UI</Filter>
    </ClInclude>
    <ClInclude Include="Util\DataReaderFromUnity.h">
      <Filter>ソース ファイル\Util</Filter>
    </ClInclude>
    <ClInclude Include="Util\Debug.h">
      <Filter>ソース ファイル\Util</Filter>
    </ClInclude>
    <ClInclude Include="Util\DrawFunctions.h">
      <Filter>ソース ファイル\Util</Filter>
    </ClInclude>
    <ClInclude Include="Util\Effekseer3DEffectManager.h">
      <Filter>ソース ファイル\Util</Filter>
    </ClInclude>
    <ClInclude Include="Util\InputState.h">
      <Filter>ソース ファイル\Util</Filter>
    </ClInclude>
    <ClInclude Include="Util\MathUtil.h">
      <Filter>ソース ファイル\Util</Filter>
    </ClInclude>
    <ClInclude Include="Util\Model.h">
      <Filter>ソース ファイル\Util</Filter>
    </ClInclude>
    <ClInclude Include="Util\Range.h">
      <Filter>ソース ファイル\Util</Filter>
    </ClInclude>
    <ClInclude Include="Util\SaveData.h">
      <Filter>ソース ファイル\Util</Filter>
    </ClInclude>
    <ClInclude Include="Util\SoundManager.h">
      <Filter>ソース ファイル\Util</Filter>
    </ClInclude>
    <ClInclude Include="Util\StringManager.h">
      <Filter>ソース ファイル\Util</Filter>
    </ClInclude>
    <ClInclude Include="Util\Timer.h">
      <Filter>ソース ファイル\Util</Filter>
    </ClInclude>
    <ClInclude Include="Background.h">
      <Filter>ソース ファイル</Filter>
    </ClInclude>
    <ClInclude Include="Camera.h">
      <Filter>ソース ファイル</Filter>
    </ClInclude>
    <ClInclude Include="common.h">
      <Filter>ソース ファイル</Filter>
    </ClInclude>
    <ClInclude Include="Image3D.h">
      <Filter>ソース ファイル</Filter>
    </ClInclude>
    <ClInclude Include="Player.h">
      <Filter>ソース ファイル</Filter>
    </ClInclude>
    <ClInclude Include="resource.h">
      <Filter>ソース ファイル</Filter>
    </ClInclude>
    <ClInclude Include="Shield.h">
      <Filter>ソース ファイル</Filter>
    </ClInclude>
    <ClInclude Include="StateMachine.h">
      <Filter>ソース ファイル</Filter>
    </ClInclude>
    <ClInclude Include="Vector2.h">
      <Filter>ソース ファイル</Filter>
    </ClInclude>
    <ClInclude Include="Triangle.h">
      <Filter>ソース ファイル\UI</Filter>
    </ClInclude>
    <ClInclude Include="Flash.h">
      <Filter>ソース ファイル\UI</Filter>
    </ClInclude>
    <ClInclude Include="Easing.h">
      <Filter>ソース ファイル\Util</Filter>
    </ClInclude>
    <ClInclude Include="ScreenEffect.h">
      <Filter>ソース ファイル</Filter>
    </ClInclude>
    <ClInclude Include="UIManager.h">
      <Filter>ソース ファイル\UI</Filter>
    </ClInclude>
    <ClInclude Include="UIBase.h">
      <Filter>ソース ファイル\UI</Filter>
    </ClInclude>
    <ClInclude Include="Vector3.h" />
    <ClInclude Include="Matrix.h" />
  </ItemGroup>
</Project>